
Microsoft Visual Studio Solution File, Format Version 12.00
Project("{FAE04EC0-301F-11D3-BF4B-00C04F79EFBC}") = "Identity.Shared", "Identity.Shared\Identity.Shared.csproj", "{50A7341D-23BC-4C47-8133-E47F785A6D21}"
EndProject
Project("{FAE04EC0-301F-11D3-BF4B-00C04F79EFBC}") = "Identity.Infrastructure", "Identity\Identity.Infrastructure\Identity.Infrastructure.csproj", "{860D9516-1705-40A0-893D-C9059293BC4E}"
EndProject
Project("{FAE04EC0-301F-11D3-BF4B-00C04F79EFBC}") = "Identity.Core", "Identity\Identity.Core\Identity.Core.csproj", "{E22C3CFE-9407-4979-B1D0-AD52AE86FAE8}"
EndProject
Project("{2150E333-8FDC-42A3-9474-1A3956D46DE8}") = "Solution Items", "Solution Items", "{F1FCB783-BD88-4BF3-8CBD-B949CCBE2E85}"
	ProjectSection(SolutionItems) = preProject
		compose.yaml = compose.yaml
		readme.md = readme.md
	EndProjectSection
EndProject
Project("{FAE04EC0-301F-11D3-BF4B-00C04F79EFBC}") = "Identity.Provider", "Identity\Identity.Provider\Identity.Provider.csproj", "{E108FFD4-DA23-4FF1-A912-6728DCBAEF29}"
EndProject
Project("{2150E333-8FDC-42A3-9474-1A3956D46DE8}") = "Apps", "Apps", "{09FC1714-F674-4569-82A8-70D525A65F7C}"
EndProject
Project("{2150E333-8FDC-42A3-9474-1A3956D46DE8}") = "Identity", "Identity", "{D8873A88-76B9-4C6B-B096-FCBC2DE65316}"
EndProject
Project("{2150E333-8FDC-42A3-9474-1A3956D46DE8}") = "Services", "Services", "{20EE50C2-53D3-4997-868A-506FDEFB55B9}"
EndProject
Project("{FAE04EC0-301F-11D3-BF4B-00C04F79EFBC}") = "Client.Infrastructure", "Apps\Client.Infrastructure\Client.Infrastructure.csproj", "{41759548-A682-4095-96EA-A48C443A1CCB}"
EndProject
Project("{FAE04EC0-301F-11D3-BF4B-00C04F79EFBC}") = "Resource_Server_1", "Services\Resource_Server_1\Resource_Server_1.csproj", "{C17AA6C3-C86B-4192-A4DB-10CAEAAFAFA3}"
EndProject
Project("{FAE04EC0-301F-11D3-BF4B-00C04F79EFBC}") = "Resource_Server_2", "Services\Resource_Server_2\Resource_Server_2.csproj", "{2609E3A7-8657-4FE9-A68B-3D95AB301A01}"
EndProject
Project("{FAE04EC0-301F-11D3-BF4B-00C04F79EFBC}") = "Resource_Server_3", "Services\Resource_Server_3\Resource_Server_3.csproj", "{2597A422-F7F2-402B-937E-AB3D0DF0F8A5}"
EndProject
Project("{FAE04EC0-301F-11D3-BF4B-00C04F79EFBC}") = "BlazorWeb.Server", "Apps\BlazorWeb.Server\BlazorWeb.Server.csproj", "{5883C15A-6D75-4F23-9BB9-EC1C3CC32766}"
EndProject
Project("{FAE04EC0-301F-11D3-BF4B-00C04F79EFBC}") = "BlazorWeb.Wasm.Client", "Apps\BlazorWeb.Wasm\BlazorWeb.Wasm.Client\BlazorWeb.Wasm.Client.csproj", "{AAEAB9C9-FF94-4373-AD8D-B5F61AB62856}"
EndProject
Project("{FAE04EC0-301F-11D3-BF4B-00C04F79EFBC}") = "BlazorWeb.Wasm", "Apps\BlazorWeb.Wasm\BlazorWeb.Wasm\BlazorWeb.Wasm.csproj", "{0FC303CB-D351-4EF4-B884-32BF69F2CF19}"
EndProject
Project("{FAE04EC0-301F-11D3-BF4B-00C04F79EFBC}") = "WebApp.Razor", "Apps\WebApp.Razor\WebApp.Razor.csproj", "{0F51EAD1-D8AF-42DA-B6EE-69C24F0578C2}"
EndProject
Project("{FAE04EC0-301F-11D3-BF4B-00C04F79EFBC}") = "WebApp.Mvc", "Apps\WebApp.Mvc\WebApp.Mvc.csproj", "{EBA8A49E-F78A-4973-837D-319DBF6721DA}"
EndProject
Project("{FAE04EC0-301F-11D3-BF4B-00C04F79EFBC}") = "Identity.Admin", "Apps\Identity.Admin\Identity.Admin.csproj", "{609515F3-B1E4-42D9-9BA7-0BA80F907F82}"
EndProject
Global
	GlobalSection(SolutionConfigurationPlatforms) = preSolution
		Debug|Any CPU = Debug|Any CPU
		Release|Any CPU = Release|Any CPU
	EndGlobalSection
	GlobalSection(ProjectConfigurationPlatforms) = postSolution
		{50A7341D-23BC-4C47-8133-E47F785A6D21}.Debug|Any CPU.ActiveCfg = Debug|Any CPU
		{50A7341D-23BC-4C47-8133-E47F785A6D21}.Debug|Any CPU.Build.0 = Debug|Any CPU
		{50A7341D-23BC-4C47-8133-E47F785A6D21}.Release|Any CPU.ActiveCfg = Release|Any CPU
		{50A7341D-23BC-4C47-8133-E47F785A6D21}.Release|Any CPU.Build.0 = Release|Any CPU
		{860D9516-1705-40A0-893D-C9059293BC4E}.Debug|Any CPU.ActiveCfg = Debug|Any CPU
		{860D9516-1705-40A0-893D-C9059293BC4E}.Debug|Any CPU.Build.0 = Debug|Any CPU
		{860D9516-1705-40A0-893D-C9059293BC4E}.Release|Any CPU.ActiveCfg = Release|Any CPU
		{860D9516-1705-40A0-893D-C9059293BC4E}.Release|Any CPU.Build.0 = Release|Any CPU
		{E22C3CFE-9407-4979-B1D0-AD52AE86FAE8}.Debug|Any CPU.ActiveCfg = Debug|Any CPU
		{E22C3CFE-9407-4979-B1D0-AD52AE86FAE8}.Debug|Any CPU.Build.0 = Debug|Any CPU
		{E22C3CFE-9407-4979-B1D0-AD52AE86FAE8}.Release|Any CPU.ActiveCfg = Release|Any CPU
		{E22C3CFE-9407-4979-B1D0-AD52AE86FAE8}.Release|Any CPU.Build.0 = Release|Any CPU
		{E108FFD4-DA23-4FF1-A912-6728DCBAEF29}.Debug|Any CPU.ActiveCfg = Debug|Any CPU
		{E108FFD4-DA23-4FF1-A912-6728DCBAEF29}.Debug|Any CPU.Build.0 = Debug|Any CPU
		{E108FFD4-DA23-4FF1-A912-6728DCBAEF29}.Release|Any CPU.ActiveCfg = Release|Any CPU
		{E108FFD4-DA23-4FF1-A912-6728DCBAEF29}.Release|Any CPU.Build.0 = Release|Any CPU
		{41759548-A682-4095-96EA-A48C443A1CCB}.Debug|Any CPU.ActiveCfg = Debug|Any CPU
		{41759548-A682-4095-96EA-A48C443A1CCB}.Debug|Any CPU.Build.0 = Debug|Any CPU
		{41759548-A682-4095-96EA-A48C443A1CCB}.Release|Any CPU.ActiveCfg = Release|Any CPU
		{41759548-A682-4095-96EA-A48C443A1CCB}.Release|Any CPU.Build.0 = Release|Any CPU
		{C17AA6C3-C86B-4192-A4DB-10CAEAAFAFA3}.Debug|Any CPU.ActiveCfg = Debug|Any CPU
		{C17AA6C3-C86B-4192-A4DB-10CAEAAFAFA3}.Debug|Any CPU.Build.0 = Debug|Any CPU
		{C17AA6C3-C86B-4192-A4DB-10CAEAAFAFA3}.Release|Any CPU.ActiveCfg = Release|Any CPU
		{C17AA6C3-C86B-4192-A4DB-10CAEAAFAFA3}.Release|Any CPU.Build.0 = Release|Any CPU
		{2609E3A7-8657-4FE9-A68B-3D95AB301A01}.Debug|Any CPU.ActiveCfg = Debug|Any CPU
		{2609E3A7-8657-4FE9-A68B-3D95AB301A01}.Debug|Any CPU.Build.0 = Debug|Any CPU
		{2609E3A7-8657-4FE9-A68B-3D95AB301A01}.Release|Any CPU.ActiveCfg = Release|Any CPU
		{2609E3A7-8657-4FE9-A68B-3D95AB301A01}.Release|Any CPU.Build.0 = Release|Any CPU
		{2597A422-F7F2-402B-937E-AB3D0DF0F8A5}.Debug|Any CPU.ActiveCfg = Debug|Any CPU
		{2597A422-F7F2-402B-937E-AB3D0DF0F8A5}.Debug|Any CPU.Build.0 = Debug|Any CPU
		{2597A422-F7F2-402B-937E-AB3D0DF0F8A5}.Release|Any CPU.ActiveCfg = Release|Any CPU
		{2597A422-F7F2-402B-937E-AB3D0DF0F8A5}.Release|Any CPU.Build.0 = Release|Any CPU
		{5883C15A-6D75-4F23-9BB9-EC1C3CC32766}.Debug|Any CPU.ActiveCfg = Debug|Any CPU
		{5883C15A-6D75-4F23-9BB9-EC1C3CC32766}.Debug|Any CPU.Build.0 = Debug|Any CPU
		{5883C15A-6D75-4F23-9BB9-EC1C3CC32766}.Release|Any CPU.ActiveCfg = Release|Any CPU
		{5883C15A-6D75-4F23-9BB9-EC1C3CC32766}.Release|Any CPU.Build.0 = Release|Any CPU
		{AAEAB9C9-FF94-4373-AD8D-B5F61AB62856}.Debug|Any CPU.ActiveCfg = Debug|Any CPU
		{AAEAB9C9-FF94-4373-AD8D-B5F61AB62856}.Debug|Any CPU.Build.0 = Debug|Any CPU
		{AAEAB9C9-FF94-4373-AD8D-B5F61AB62856}.Release|Any CPU.ActiveCfg = Release|Any CPU
		{AAEAB9C9-FF94-4373-AD8D-B5F61AB62856}.Release|Any CPU.Build.0 = Release|Any CPU
		{0FC303CB-D351-4EF4-B884-32BF69F2CF19}.Debug|Any CPU.ActiveCfg = Debug|Any CPU
		{0FC303CB-D351-4EF4-B884-32BF69F2CF19}.Debug|Any CPU.Build.0 = Debug|Any CPU
		{0FC303CB-D351-4EF4-B884-32BF69F2CF19}.Release|Any CPU.ActiveCfg = Release|Any CPU
		{0FC303CB-D351-4EF4-B884-32BF69F2CF19}.Release|Any CPU.Build.0 = Release|Any CPU
		{0F51EAD1-D8AF-42DA-B6EE-69C24F0578C2}.Debug|Any CPU.ActiveCfg = Debug|Any CPU
		{0F51EAD1-D8AF-42DA-B6EE-69C24F0578C2}.Debug|Any CPU.Build.0 = Debug|Any CPU
		{0F51EAD1-D8AF-42DA-B6EE-69C24F0578C2}.Release|Any CPU.ActiveCfg = Release|Any CPU
		{0F51EAD1-D8AF-42DA-B6EE-69C24F0578C2}.Release|Any CPU.Build.0 = Release|Any CPU
		{EBA8A49E-F78A-4973-837D-319DBF6721DA}.Debug|Any CPU.ActiveCfg = Debug|Any CPU
		{EBA8A49E-F78A-4973-837D-319DBF6721DA}.Debug|Any CPU.Build.0 = Debug|Any CPU
		{EBA8A49E-F78A-4973-837D-319DBF6721DA}.Release|Any CPU.ActiveCfg = Release|Any CPU
		{EBA8A49E-F78A-4973-837D-319DBF6721DA}.Release|Any CPU.Build.0 = Release|Any CPU
		{609515F3-B1E4-42D9-9BA7-0BA80F907F82}.Debug|Any CPU.ActiveCfg = Debug|Any CPU
		{609515F3-B1E4-42D9-9BA7-0BA80F907F82}.Debug|Any CPU.Build.0 = Debug|Any CPU
		{609515F3-B1E4-42D9-9BA7-0BA80F907F82}.Release|Any CPU.ActiveCfg = Release|Any CPU
		{609515F3-B1E4-42D9-9BA7-0BA80F907F82}.Release|Any CPU.Build.0 = Release|Any CPU
	EndGlobalSection
	GlobalSection(NestedProjects) = preSolution
		{E22C3CFE-9407-4979-B1D0-AD52AE86FAE8} = {D8873A88-76B9-4C6B-B096-FCBC2DE65316}
		{860D9516-1705-40A0-893D-C9059293BC4E} = {D8873A88-76B9-4C6B-B096-FCBC2DE65316}
		{E108FFD4-DA23-4FF1-A912-6728DCBAEF29} = {D8873A88-76B9-4C6B-B096-FCBC2DE65316}
		{41759548-A682-4095-96EA-A48C443A1CCB} = {09FC1714-F674-4569-82A8-70D525A65F7C}
		{C17AA6C3-C86B-4192-A4DB-10CAEAAFAFA3} = {20EE50C2-53D3-4997-868A-506FDEFB55B9}
		{2609E3A7-8657-4FE9-A68B-3D95AB301A01} = {20EE50C2-53D3-4997-868A-506FDEFB55B9}
		{2597A422-F7F2-402B-937E-AB3D0DF0F8A5} = {20EE50C2-53D3-4997-868A-506FDEFB55B9}
		{5883C15A-6D75-4F23-9BB9-EC1C3CC32766} = {09FC1714-F674-4569-82A8-70D525A65F7C}
		{AAEAB9C9-FF94-4373-AD8D-B5F61AB62856} = {09FC1714-F674-4569-82A8-70D525A65F7C}
		{0FC303CB-D351-4EF4-B884-32BF69F2CF19} = {09FC1714-F674-4569-82A8-70D525A65F7C}
		{0F51EAD1-D8AF-42DA-B6EE-69C24F0578C2} = {09FC1714-F674-4569-82A8-70D525A65F7C}
		{EBA8A49E-F78A-4973-837D-319DBF6721DA} = {09FC1714-F674-4569-82A8-70D525A65F7C}
		{609515F3-B1E4-42D9-9BA7-0BA80F907F82} = {09FC1714-F674-4569-82A8-70D525A65F7C}
	EndGlobalSection
EndGlobal
